{
  "requires": true,
  "lockfileVersion": 1,
  "dependencies": {
    "@algolia/cache-browser-local-storage": {
      "version": "4.3.0",
      "resolved": "https://registry.npmjs.org/@algolia/cache-browser-local-storage/-/cache-browser-local-storage-4.3.0.tgz",
      "integrity": "sha512-91Cf3IPUk84PF2wvR8ys8XO42FqaJEtIh/dyR0WvwMdv0x13GORkAvoBJgkFI2wofZqUY86jNimvHWfsWzPQ+g==",
      "requires": {
        "@algolia/cache-common": "4.3.0"
      }
    },
    "@algolia/cache-common": {
      "version": "4.3.0",
      "resolved": "https://registry.npmjs.org/@algolia/cache-common/-/cache-common-4.3.0.tgz",
      "integrity": "sha512-AHTbOn9lk0f5IkjssXXmDgnaZfsUJVZ61sqOH1W3LyJdAscDzCj0KtwijELn8FHlLXQak7+K93/O3Oct0uHncQ=="
    },
    "@algolia/cache-in-memory": {
      "version": "4.3.0",
      "resolved": "https://registry.npmjs.org/@algolia/cache-in-memory/-/cache-in-memory-4.3.0.tgz",
      "integrity": "sha512-8BZS5IFEtiSFkA6vNQUXJXIWABDbSanQdkGX5LArlhbCjuykZqF68yaCjXWG10EZTySnkZLmKc+5ozYVOktJaQ==",
      "requires": {
        "@algolia/cache-common": "4.3.0"
      }
    },
    "@algolia/client-account": {
      "version": "4.3.0",
      "resolved": "https://registry.npmjs.org/@algolia/client-account/-/client-account-4.3.0.tgz",
      "integrity": "sha512-8LJSvWooc+fe+XZXeu+h4dhpo9lsu3sb7rV9cpPhymYSHgEJAHaDkZEcPM1u/PBMvFe0mZXaW6nabeb3jeIRcw==",
      "requires": {
        "@algolia/client-common": "4.3.0",
        "@algolia/client-search": "4.3.0",
        "@algolia/transporter": "4.3.0"
      }
    },
    "@algolia/client-analytics": {
      "version": "4.3.0",
      "resolved": "https://registry.npmjs.org/@algolia/client-analytics/-/client-analytics-4.3.0.tgz",
      "integrity": "sha512-BFH4ddyrqI2pE3bUctn5KtJgYqgvO0Ap9vJEHBNj6mjSKqFbTnZeVEPG3yWrOuWRCqPHR3ewcWRisNwJHG3+Mw==",
      "requires": {
        "@algolia/client-common": "4.3.0",
        "@algolia/client-search": "4.3.0",
        "@algolia/requester-common": "4.3.0",
        "@algolia/transporter": "4.3.0"
      }
    },
    "@algolia/client-common": {
      "version": "4.3.0",
      "resolved": "https://registry.npmjs.org/@algolia/client-common/-/client-common-4.3.0.tgz",
      "integrity": "sha512-8Ohj6zXZkpwDKc8ZWVTZo2wPO4+LT5D258suGg/C6nh4UxOrFOp6QaqeQo8JZ1eqMqtfb3zv5SHgW4fZ00NCLQ==",
      "requires": {
        "@algolia/requester-common": "4.3.0",
        "@algolia/transporter": "4.3.0"
      }
    },
    "@algolia/client-recommendation": {
      "version": "4.3.0",
      "resolved": "https://registry.npmjs.org/@algolia/client-recommendation/-/client-recommendation-4.3.0.tgz",
      "integrity": "sha512-jCMIAWPA2hsxc5CCtoTtQAcohaG+10CxXK122Tc47t4w1K8qzSJnCjC2cHvM4UNJO+k7NrmjOYW0EXp9RKc7SQ==",
      "requires": {
        "@algolia/client-common": "4.3.0",
        "@algolia/requester-common": "4.3.0",
        "@algolia/transporter": "4.3.0"
      }
    },
    "@algolia/client-search": {
      "version": "4.3.0",
      "resolved": "https://registry.npmjs.org/@algolia/client-search/-/client-search-4.3.0.tgz",
      "integrity": "sha512-KCgcIsNMW1/0F5OILiFTddbTAKduJHRvXQS4NxY1H9gQWMTVeWJS7VZQ/ukKBiUMLatwUQHJz2qpYm9fmqOjkQ==",
      "requires": {
        "@algolia/client-common": "4.3.0",
        "@algolia/requester-common": "4.3.0",
        "@algolia/transporter": "4.3.0"
      }
    },
    "@algolia/logger-common": {
      "version": "4.3.0",
      "resolved": "https://registry.npmjs.org/@algolia/logger-common/-/logger-common-4.3.0.tgz",
      "integrity": "sha512-vQ+aukjZkRAyO9iyINBefT366UtF/B9QoA1Kw8PlY67T6fYmklFgYp3LNH/e7h/gz0py5LYY/HIwSsaTKk8/VQ=="
    },
    "@algolia/logger-console": {
      "version": "4.3.0",
      "resolved": "https://registry.npmjs.org/@algolia/logger-console/-/logger-console-4.3.0.tgz",
      "integrity": "sha512-7pWtcv1cSSa7F48gRBOZLcEWN073+WbnKjbpRrIGej+abZppw/h+22jtVZZORC8EIjFffGqz2/2e6bZiX+Jg7A==",
      "requires": {
        "@algolia/logger-common": "4.3.0"
      }
    },
    "@algolia/requester-browser-xhr": {
      "version": "4.3.0",
      "resolved": "https://registry.npmjs.org/@algolia/requester-browser-xhr/-/requester-browser-xhr-4.3.0.tgz",
      "integrity": "sha512-CpUwgQhXZsnZmjEd5DTwQv1BKQNCt83bzyVdUqvljsFxZOsNQacS6lOYs0B1eD18tKHCwVMuwbYqTaLPGBXTKQ==",
      "requires": {
        "@algolia/requester-common": "4.3.0"
      }
    },
    "@algolia/requester-common": {
      "version": "4.3.0",
      "resolved": "https://registry.npmjs.org/@algolia/requester-common/-/requester-common-4.3.0.tgz",
      "integrity": "sha512-1v73KyspJBiTzfyXupjHxikxTYjh5MoxI6mOIvAtQxRqc4ehUPAEdPCNHEvvLiCK96iKWzZaULmV0U7pj3yvTw=="
    },
    "@algolia/requester-node-http": {
      "version": "4.3.0",
      "resolved": "https://registry.npmjs.org/@algolia/requester-node-http/-/requester-node-http-4.3.0.tgz",
      "integrity": "sha512-Hg9Y8sUeSGQgoO1FpoL5jbkDzCtXI/8HXHybU6bimsX93DAz3HZWaoQFKmIpQDNhQ8G9FLgAtzDAxS6eckDxzg==",
      "requires": {
        "@algolia/requester-common": "4.3.0"
      }
    },
    "@algolia/transporter": {
      "version": "4.3.0",
      "resolved": "https://registry.npmjs.org/@algolia/transporter/-/transporter-4.3.0.tgz",
      "integrity": "sha512-BTKHAtdQdfOJ0xzZkiyEK/2QVQJTiVgBZlOBfXp2gBtztjV26OqfW4n6Xz0o7eBRzLEwY1ot3mHF5QIVUjAsMg==",
      "requires": {
        "@algolia/cache-common": "4.3.0",
        "@algolia/logger-common": "4.3.0",
        "@algolia/requester-common": "4.3.0"
      }
    },
    "algoliasearch": {
      "version": "4.3.0",
      "resolved": "https://registry.npmjs.org/algoliasearch/-/algoliasearch-4.3.0.tgz",
      "integrity": "sha512-H2woXyqmd1nFYDrQKLZXgghNkLBTcBXJ7Q/bxQ+F9WWS4H0Kb7IlQvNi7bDzHyldhDhIthImaUwcKqr5iiyMFQ==",
      "requires": {
        "@algolia/cache-browser-local-storage": "4.3.0",
        "@algolia/cache-common": "4.3.0",
        "@algolia/cache-in-memory": "4.3.0",
        "@algolia/client-account": "4.3.0",
        "@algolia/client-analytics": "4.3.0",
        "@algolia/client-common": "4.3.0",
        "@algolia/client-recommendation": "4.3.0",
        "@algolia/client-search": "4.3.0",
        "@algolia/logger-common": "4.3.0",
        "@algolia/logger-console": "4.3.0",
        "@algolia/requester-browser-xhr": "4.3.0",
        "@algolia/requester-common": "4.3.0",
        "@algolia/requester-node-http": "4.3.0",
        "@algolia/transporter": "4.3.0"
      }
    },
    "argparse": {
      "version": "1.0.10",
      "resolved": "https://registry.npmjs.org/argparse/-/argparse-1.0.10.tgz",
      "integrity": "sha512-o5Roy6tNG4SL/FOkCAN6RzjiakZS25RLYFrcMttJqbdd8BWrnA+fGz57iN5Pb06pvBGvl5gQ0B48dJlslXvoTg==",
      "requires": {
        "sprintf-js": "~1.0.2"
      }
    },
    "dotenv": {
      "version": "8.2.0",
      "resolved": "https://registry.npmjs.org/dotenv/-/dotenv-8.2.0.tgz",
      "integrity": "sha512-8sJ78ElpbDJBHNeBzUbUVLsqKdccaa/BXF1uPTw3GrvQTBgrQrtObr2mUrE38vzYd8cEv+m/JBfDLioYcfXoaw=="
    },
    "esprima": {
      "version": "4.0.1",
      "resolved": "https://registry.npmjs.org/esprima/-/esprima-4.0.1.tgz",
      "integrity": "sha512-eGuFFw7Upda+g4p+QHvnW0RyTX/SVeJBDM/gCtMARO0cLuT2HcEKnTPvhjV6aGeqrCB/sbNop0Kszm0jsaWU4A=="
    },
    "extend-shallow": {
      "version": "2.0.1",
      "resolved": "https://registry.npmjs.org/extend-shallow/-/extend-shallow-2.0.1.tgz",
      "integrity": "sha1-Ua99YUrZqfYQ6huvu5idaxxWiQ8=",
      "requires": {
        "is-extendable": "^0.1.0"
      }
    },
    "gray-matter": {
      "version": "4.0.2",
      "resolved": "https://registry.npmjs.org/gray-matter/-/gray-matter-4.0.2.tgz",
      "integrity": "sha512-7hB/+LxrOjq/dd8APlK0r24uL/67w7SkYnfwhNFwg/VDIGWGmduTDYf3WNstLW2fbbmRwrDGCVSJ2isuf2+4Hw==",
      "requires": {
        "js-yaml": "^3.11.0",
        "kind-of": "^6.0.2",
        "section-matter": "^1.0.0",
        "strip-bom-string": "^1.0.0"
      }
    },
    "is-extendable": {
      "version": "0.1.1",
      "resolved": "https://registry.npmjs.org/is-extendable/-/is-extendable-0.1.1.tgz",
      "integrity": "sha1-YrEQ4omkcUGOPsNqYX1HLjAd/Ik="
    },
    "js-yaml": {
      "version": "3.14.0",
      "resolved": "https://registry.npmjs.org/js-yaml/-/js-yaml-3.14.0.tgz",
      "integrity": "sha512-/4IbIeHcD9VMHFqDR/gQ7EdZdLimOvW2DdcxFjdyyZ9NsbS+ccrXqVWDtab/lRl5AlUqmpBx8EhPaWR+OtY17A==",
      "requires": {
        "argparse": "^1.0.7",
        "esprima": "^4.0.0"
      }
    },
    "kind-of": {
      "version": "6.0.3",
      "resolved": "https://registry.npmjs.org/kind-of/-/kind-of-6.0.3.tgz",
      "integrity": "sha512-dcS1ul+9tmeD95T+x28/ehLgd9mENa3LsvDTtzm3vyBEO7RPptvAD+t44WVXaUjTBRcrpFeFlC8WCruUR456hw=="
    },
    "section-matter": {
      "version": "1.0.0",
      "resolved": "https://registry.npmjs.org/section-matter/-/section-matter-1.0.0.tgz",
      "integrity": "sha512-vfD3pmTzGpufjScBh50YHKzEu2lxBWhVEHsNGoEXmCmn2hKGfeNLYMzCJpe8cD7gqX7TJluOVpBkAequ6dgMmA==",
      "requires": {
        "extend-shallow": "^2.0.1",
        "kind-of": "^6.0.0"
      }
    },
    "sprintf-js": {
      "version": "1.0.3",
      "resolved": "https://registry.npmjs.org/sprintf-js/-/sprintf-js-1.0.3.tgz",
      "integrity": "sha1-BOaSb2YolTVPPdAVIDYzuFcpfiw="
    },
    "strip-bom-string": {
      "version": "1.0.0",
      "resolved": "https://registry.npmjs.org/strip-bom-string/-/strip-bom-string-1.0.0.tgz",
      "integrity": "sha1-5SEekiQ2n7uB1jOi8ABE3IztrZI="
    }
  }
}
