{
    "version": 3,
    "terraform_version": "0.10.2",
    "serial": 124,
    "lineage": "26d6f7ee-c8cc-46dc-a542-caf37b5bf874",
    "modules": [
        {
            "path": [
                "root"
            ],
            "outputs": {
                "server_address": {
                    "sensitive": false,
                    "type": "string",
                    "value": ""
                }
            },
            "resources": {
                "aws_iam_instance_profile.consul-join": {
                    "type": "aws_iam_instance_profile",
                    "depends_on": [
                        "aws_iam_role.consul-join"
                    ],
                    "primary": {
                        "id": "ubuntu-consul-join",
                        "attributes": {
                            "arn": "arn:aws:iam::777724356028:instance-profile/ubuntu-consul-join",
                            "id": "ubuntu-consul-join",
                            "name": "ubuntu-consul-join",
                            "path": "/",
                            "role": "ubuntu-consul-join",
                            "roles.#": "1",
                            "roles.2601670719": "ubuntu-consul-join",
                            "unique_id": "AIPAJOQVNGHLN5VPJ3JWO"
                        },
                        "meta": {},
                        "tainted": false
                    },
                    "deposed": [],
                    "provider": ""
                },
                "aws_iam_policy.consul-join": {
                    "type": "aws_iam_policy",
                    "depends_on": [],
                    "primary": {
                        "id": "arn:aws:iam::777724356028:policy/ubuntu-consul-join",
                        "attributes": {
                            "arn": "arn:aws:iam::777724356028:policy/ubuntu-consul-join",
                            "description": "Allows Consul nodes to describe instances for joining.",
                            "id": "arn:aws:iam::777724356028:policy/ubuntu-consul-join",
                            "name": "ubuntu-consul-join",
                            "path": "/",
                            "policy": "{\n  \"Version\": \"2012-10-17\",\n  \"Statement\": [\n    {\n      \"Effect\": \"Allow\",\n      \"Action\": \"ec2:DescribeInstances\",\n      \"Resource\": \"*\"\n    }\n  ]\n}\n"
                        },
                        "meta": {},
                        "tainted": false
                    },
                    "deposed": [],
                    "provider": ""
                },
                "aws_iam_policy_attachment.consul-join": {
                    "type": "aws_iam_policy_attachment",
                    "depends_on": [
                        "aws_iam_policy.consul-join",
                        "aws_iam_role.consul-join"
                    ],
                    "primary": {
                        "id": "ubuntu-consul-join",
                        "attributes": {
                            "groups.#": "0",
                            "id": "ubuntu-consul-join",
                            "name": "ubuntu-consul-join",
                            "policy_arn": "arn:aws:iam::777724356028:policy/ubuntu-consul-join",
                            "roles.#": "1",
                            "roles.2601670719": "ubuntu-consul-join",
                            "users.#": "0"
                        },
                        "meta": {},
                        "tainted": false
                    },
                    "deposed": [],
                    "provider": ""
                },
                "aws_iam_role.consul-join": {
                    "type": "aws_iam_role",
                    "depends_on": [],
                    "primary": {
                        "id": "ubuntu-consul-join",
                        "attributes": {
                            "arn": "arn:aws:iam::777724356028:role/ubuntu-consul-join",
                            "assume_role_policy": "{\"Version\":\"2012-10-17\",\"Statement\":[{\"Sid\":\"\",\"Effect\":\"Allow\",\"Principal\":{\"Service\":\"ec2.amazonaws.com\"},\"Action\":\"sts:AssumeRole\"}]}",
                            "create_date": "2018-05-27T18:26:00Z",
                            "force_detach_policies": "false",
                            "id": "ubuntu-consul-join",
                            "name": "ubuntu-consul-join",
                            "path": "/",
                            "unique_id": "AROAJKYUYO4237KWK7L44"
                        },
                        "meta": {},
                        "tainted": false
                    },
                    "deposed": [],
                    "provider": ""
                },
                "aws_instance.server.0": {
                    "type": "aws_instance",
                    "depends_on": [
                        "aws_iam_instance_profile.consul-join",
                        "aws_security_group.consul"
                    ],
                    "primary": {
                        "id": "i-0bc7bb752a081df29",
                        "attributes": {
                            "ami": "ami-d651b8ac",
                            "associate_public_ip_address": "false",
                            "availability_zone": "us-east-1a",
                            "disable_api_termination": "false",
                            "ebs_block_device.#": "0",
                            "ebs_optimized": "false",
                            "ephemeral_block_device.#": "0",
                            "iam_instance_profile": "ubuntu-consul-join",
                            "id": "i-0bc7bb752a081df29",
                            "instance_state": "running",
                            "instance_type": "t2.micro",
                            "ipv6_addresses.#": "0",
                            "key_name": "zaml-prod-09122017",
                            "monitoring": "false",
                            "network_interface.#": "0",
                            "network_interface_id": "eni-1c3fa487",
                            "primary_network_interface_id": "eni-1c3fa487",
                            "private_dns": "ip-10-236-1-66.ec2.internal",
                            "private_ip": "10.236.1.66",
                            "public_dns": "",
                            "public_ip": "",
                            "root_block_device.#": "1",
                            "root_block_device.0.delete_on_termination": "true",
                            "root_block_device.0.iops": "100",
                            "root_block_device.0.volume_size": "8",
                            "root_block_device.0.volume_type": "gp2",
                            "security_groups.#": "0",
                            "source_dest_check": "true",
                            "subnet_id": "subnet-28929872",
                            "tags.%": "2",
                            "tags.Name": "consul-server-0",
                            "tags.consul_join": "production",
                            "tenancy": "default",
                            "volume_tags.%": "0",
                            "vpc_security_group_ids.#": "1",
                            "vpc_security_group_ids.1252163575": "sg-371f5c7f"
                        },
                        "meta": {
                            "e2bfb730-ecaa-11e6-8f88-34363bc7c4c0": {
                                "create": 600000000000,
                                "delete": 600000000000,
                                "update": 600000000000
                            },
                            "schema_version": "1"
                        },
                        "tainted": false
                    },
                    "deposed": [],
                    "provider": ""
                },
                "aws_instance.server.1": {
                    "type": "aws_instance",
                    "depends_on": [
                        "aws_iam_instance_profile.consul-join",
                        "aws_security_group.consul"
                    ],
                    "primary": {
                        "id": "i-086565f8445444217",
                        "attributes": {
                            "ami": "ami-d651b8ac",
                            "associate_public_ip_address": "false",
                            "availability_zone": "us-east-1b",
                            "disable_api_termination": "false",
                            "ebs_block_device.#": "0",
                            "ebs_optimized": "false",
                            "ephemeral_block_device.#": "0",
                            "iam_instance_profile": "ubuntu-consul-join",
                            "id": "i-086565f8445444217",
                            "instance_state": "running",
                            "instance_type": "t2.micro",
                            "ipv6_addresses.#": "0",
                            "key_name": "zaml-prod-09122017",
                            "monitoring": "false",
                            "network_interface.#": "0",
                            "network_interface_id": "eni-a89b7d2a",
                            "primary_network_interface_id": "eni-a89b7d2a",
                            "private_dns": "ip-10-236-2-49.ec2.internal",
                            "private_ip": "10.236.2.49",
                            "public_dns": "",
                            "public_ip": "",
                            "root_block_device.#": "1",
                            "root_block_device.0.delete_on_termination": "true",
                            "root_block_device.0.iops": "100",
                            "root_block_device.0.volume_size": "8",
                            "root_block_device.0.volume_type": "gp2",
                            "security_groups.#": "0",
                            "source_dest_check": "true",
                            "subnet_id": "subnet-2346fa47",
                            "tags.%": "2",
                            "tags.Name": "consul-server-1",
                            "tags.consul_join": "production",
                            "tenancy": "default",
                            "volume_tags.%": "0",
                            "vpc_security_group_ids.#": "1",
                            "vpc_security_group_ids.1252163575": "sg-371f5c7f"
                        },
                        "meta": {
                            "e2bfb730-ecaa-11e6-8f88-34363bc7c4c0": {
                                "create": 600000000000,
                                "delete": 600000000000,
                                "update": 600000000000
                            },
                            "schema_version": "1"
                        },
                        "tainted": false
                    },
                    "deposed": [],
                    "provider": ""
                },
                "aws_instance.server.2": {
                    "type": "aws_instance",
                    "depends_on": [
                        "aws_iam_instance_profile.consul-join",
                        "aws_security_group.consul"
                    ],
                    "primary": {
                        "id": "i-06d7c038818f282e4",
                        "attributes": {
                            "ami": "ami-d651b8ac",
                            "associate_public_ip_address": "false",
                            "availability_zone": "us-east-1c",
                            "disable_api_termination": "false",
                            "ebs_block_device.#": "0",
                            "ebs_optimized": "false",
                            "ephemeral_block_device.#": "0",
                            "iam_instance_profile": "ubuntu-consul-join",
                            "id": "i-06d7c038818f282e4",
                            "instance_state": "running",
                            "instance_type": "t2.micro",
                            "ipv6_addresses.#": "0",
                            "key_name": "zaml-prod-09122017",
                            "monitoring": "false",
                            "network_interface.#": "0",
                            "network_interface_id": "eni-25a23eb2",
                            "primary_network_interface_id": "eni-25a23eb2",
                            "private_dns": "ip-10-236-3-200.ec2.internal",
                            "private_ip": "10.236.3.200",
                            "public_dns": "",
                            "public_ip": "",
                            "root_block_device.#": "1",
                            "root_block_device.0.delete_on_termination": "true",
                            "root_block_device.0.iops": "100",
                            "root_block_device.0.volume_size": "8",
                            "root_block_device.0.volume_type": "gp2",
                            "security_groups.#": "0",
                            "source_dest_check": "true",
                            "subnet_id": "subnet-02bcad2e",
                            "tags.%": "2",
                            "tags.Name": "consul-server-2",
                            "tags.consul_join": "production",
                            "tenancy": "default",
                            "volume_tags.%": "0",
                            "vpc_security_group_ids.#": "1",
                            "vpc_security_group_ids.1252163575": "sg-371f5c7f"
                        },
                        "meta": {
                            "e2bfb730-ecaa-11e6-8f88-34363bc7c4c0": {
                                "create": 600000000000,
                                "delete": 600000000000,
                                "update": 600000000000
                            },
                            "schema_version": "1"
                        },
                        "tainted": false
                    },
                    "deposed": [],
                    "provider": ""
                },
                "aws_security_group.consul": {
                    "type": "aws_security_group",
                    "depends_on": [],
                    "primary": {
                        "id": "sg-371f5c7f",
                        "attributes": {
                            "description": "Consul internal traffic + maintenance.",
                            "egress.#": "1",
                            "egress.482069346.cidr_blocks.#": "1",
                            "egress.482069346.cidr_blocks.0": "0.0.0.0/0",
                            "egress.482069346.from_port": "0",
                            "egress.482069346.ipv6_cidr_blocks.#": "0",
                            "egress.482069346.prefix_list_ids.#": "0",
                            "egress.482069346.protocol": "-1",
                            "egress.482069346.security_groups.#": "0",
                            "egress.482069346.self": "false",
                            "egress.482069346.to_port": "0",
                            "id": "sg-371f5c7f",
                            "ingress.#": "5",
                            "ingress.2953270756.cidr_blocks.#": "1",
                            "ingress.2953270756.cidr_blocks.0": "10.234.0.0/24",
                            "ingress.2953270756.from_port": "22",
                            "ingress.2953270756.ipv6_cidr_blocks.#": "0",
                            "ingress.2953270756.protocol": "tcp",
                            "ingress.2953270756.security_groups.#": "0",
                            "ingress.2953270756.self": "false",
                            "ingress.2953270756.to_port": "22",
                            "ingress.3068409405.cidr_blocks.#": "1",
                            "ingress.3068409405.cidr_blocks.0": "0.0.0.0/0",
                            "ingress.3068409405.from_port": "8",
                            "ingress.3068409405.ipv6_cidr_blocks.#": "0",
                            "ingress.3068409405.protocol": "icmp",
                            "ingress.3068409405.security_groups.#": "0",
                            "ingress.3068409405.self": "false",
                            "ingress.3068409405.to_port": "0",
                            "ingress.3104827785.cidr_blocks.#": "1",
                            "ingress.3104827785.cidr_blocks.0": "10.234.0.0/24",
                            "ingress.3104827785.from_port": "8500",
                            "ingress.3104827785.ipv6_cidr_blocks.#": "0",
                            "ingress.3104827785.protocol": "tcp",
                            "ingress.3104827785.security_groups.#": "0",
                            "ingress.3104827785.self": "false",
                            "ingress.3104827785.to_port": "8500",
                            "ingress.3472572478.cidr_blocks.#": "0",
                            "ingress.3472572478.from_port": "0",
                            "ingress.3472572478.ipv6_cidr_blocks.#": "0",
                            "ingress.3472572478.protocol": "udp",
                            "ingress.3472572478.security_groups.#": "0",
                            "ingress.3472572478.self": "true",
                            "ingress.3472572478.to_port": "65535",
                            "ingress.3544538468.cidr_blocks.#": "0",
                            "ingress.3544538468.from_port": "0",
                            "ingress.3544538468.ipv6_cidr_blocks.#": "0",
                            "ingress.3544538468.protocol": "tcp",
                            "ingress.3544538468.security_groups.#": "0",
                            "ingress.3544538468.self": "true",
                            "ingress.3544538468.to_port": "65535",
                            "name": "consul_ubuntu",
                            "owner_id": "777724356028",
                            "tags.%": "0",
                            "vpc_id": "vpc-33a4624b"
                        },
                        "meta": {},
                        "tainted": false
                    },
                    "deposed": [],
                    "provider": ""
                }
            },
            "depends_on": []
        }
    ]
}
