{
    "version": 3,
    "terraform_version": "0.11.7",
    "serial": 10,
    "lineage": "c6885778-8ceb-c755-839f-dd5d60b10e3b",
    "modules": [
        {
            "path": [
                "root"
            ],
            "outputs": {},
            "resources": {
                "alicloud_instance.test.0": {
                    "type": "alicloud_instance",
                    "depends_on": [
                        "alicloud_security_group.default"
                    ],
                    "primary": {
                        "id": "i-rj9fna7ky0qz2z3s3wah",
                        "attributes": {
                            "availability_zone": "us-west-1b",
                            "description": "",
                            "host_name": "iZrj9fna7ky0qz2z3s3wahZ",
                            "id": "i-rj9fna7ky0qz2z3s3wah",
                            "image_id": "centos_7_04_64_20G_alibase_201701015.vhd",
                            "instance_charge_type": "PostPaid",
                            "instance_name": "ECS-Instance",
                            "instance_type": "ecs.n4.small",
                            "internet_charge_type": "PayByTraffic",
                            "internet_max_bandwidth_in": "200",
                            "internet_max_bandwidth_out": "0",
                            "key_name": "",
                            "password": "",
                            "private_ip": "172.20.57.39",
                            "public_ip": "",
                            "role_name": "",
                            "security_groups.#": "1",
                            "security_groups.1735322433": "sg-rj9a0z1wy5zwm3mwdyzy",
                            "spot_price_limit": "0",
                            "spot_strategy": "NoSpot",
                            "status": "Running",
                            "subnet_id": "vsw-rj9ey4wdjtblx5vkbf57k",
                            "system_disk_category": "cloud_efficiency",
                            "system_disk_size": "40",
                            "tags.%": "1",
                            "tags.consul": "server.test",
                            "vswitch_id": "vsw-rj9ey4wdjtblx5vkbf57k"
                        },
                        "meta": {},
                        "tainted": false
                    },
                    "deposed": [],
                    "provider": "provider.alicloud"
                },
                "alicloud_instance.test.1": {
                    "type": "alicloud_instance",
                    "depends_on": [
                        "alicloud_security_group.default"
                    ],
                    "primary": {
                        "id": "i-rj94vqxkj63fsjcnnz03",
                        "attributes": {
                            "availability_zone": "us-west-1b",
                            "description": "",
                            "host_name": "iZrj94vqxkj63fsjcnnz03Z",
                            "id": "i-rj94vqxkj63fsjcnnz03",
                            "image_id": "centos_7_04_64_20G_alibase_201701015.vhd",
                            "instance_charge_type": "PostPaid",
                            "instance_name": "ECS-Instance",
                            "instance_type": "ecs.n4.small",
                            "internet_charge_type": "PayByTraffic",
                            "internet_max_bandwidth_in": "200",
                            "internet_max_bandwidth_out": "0",
                            "key_name": "",
                            "password": "",
                            "private_ip": "172.20.57.38",
                            "public_ip": "",
                            "role_name": "",
                            "security_groups.#": "1",
                            "security_groups.1735322433": "sg-rj9a0z1wy5zwm3mwdyzy",
                            "spot_price_limit": "0",
                            "spot_strategy": "NoSpot",
                            "status": "Running",
                            "subnet_id": "vsw-rj9ey4wdjtblx5vkbf57k",
                            "system_disk_category": "cloud_efficiency",
                            "system_disk_size": "40",
                            "tags.%": "1",
                            "tags.consul": "server.test",
                            "vswitch_id": "vsw-rj9ey4wdjtblx5vkbf57k"
                        },
                        "meta": {},
                        "tainted": false
                    },
                    "deposed": [],
                    "provider": "provider.alicloud"
                },
                "alicloud_security_group.default": {
                    "type": "alicloud_security_group",
                    "depends_on": [],
                    "primary": {
                        "id": "sg-rj9a0z1wy5zwm3mwdyzy",
                        "attributes": {
                            "description": "default",
                            "id": "sg-rj9a0z1wy5zwm3mwdyzy",
                            "inner_access": "true",
                            "name": "default",
                            "vpc_id": "vpc-rj9xwmlcicx9w1jtild7o"
                        },
                        "meta": {},
                        "tainted": false
                    },
                    "deposed": [],
                    "provider": "provider.alicloud"
                }
            },
            "depends_on": []
        }
    ]
}
