github.com/google/go-cmp v0.6.0 h1:ofyhxvXcZhMsU5ulbFiLKl/XBFqE1GSq7atu8tAmTRI=
github.com/google/go-cmp v0.6.0/go.mod h1:17dUlkBOakJ0+DkrSSNjCkIjxS6bF9zb3elmeNGIjoY=
github.com/hashicorp/consul/proto-public v0.6.1 h1:+uzH3olCrksXYWAYHKqK782CtK9scfqH+Unlw3UHhCg=
github.com/hashicorp/consul/proto-public v0.6.1/go.mod h1:cXXbOg74KBNGajC+o8RlA502Esf0R9prcoJgiOX/2Tg=
google.golang.org/protobuf v1.34.2 h1:6xV6lTsCfpGD21XK49h7MhtcApnLqkfYgPcdHftf6hg=
google.golang.org/protobuf v1.34.2/go.mod h1:qYOHts0dSfpeUzUFpOMr/WGzszTmLH+DiWniOlNbLDw=
